
Microsoft Visual Studio Solution File, Format Version 12.00
# Visual Studio 15
Project("{FAE04EC0-301F-11D3-BF4B-00C04F79EFBC}") = "BITXamarin.Android", "BITXamarin.Android\BITXamarin.Android.csproj", "{B7886678-110B-4831-BE19-58C7DF69E37B}"
EndProject
Project("{FAE04EC0-301F-11D3-BF4B-00C04F79EFBC}") = "BITXamarin.iOS", "BITXamarin.iOS\BITXamarin.iOS.csproj", "{B6FB8662-ACD0-4508-AEC9-7798CB8F5106}"
EndProject
Project("{FAE04EC0-301F-11D3-BF4B-00C04F79EFBC}") = "BITXamarin", "BITXamarin\BITXamarin.csproj", "{D3E70CE2-8858-430D-92A2-FCA6F5DE78D1}"
EndProject
Global
	GlobalSection(SolutionConfigurationPlatforms) = preSolution
		Debug|Any CPU = Debug|Any CPU
		Release|Any CPU = Release|Any CPU
		Debug|iPhoneSimulator = Debug|iPhoneSimulator
		Release|iPhoneSimulator = Release|iPhoneSimulator
		Debug|iPhone = Debug|iPhone
		Release|iPhone = Release|iPhone
	EndGlobalSection
	GlobalSection(ProjectConfigurationPlatforms) = postSolution
		{B7886678-110B-4831-BE19-58C7DF69E37B}.Debug|Any CPU.ActiveCfg = Debug|Any CPU
		{B7886678-110B-4831-BE19-58C7DF69E37B}.Debug|Any CPU.Build.0 = Debug|Any CPU
		{B7886678-110B-4831-BE19-58C7DF69E37B}.Release|Any CPU.ActiveCfg = Release|Any CPU
		{B7886678-110B-4831-BE19-58C7DF69E37B}.Release|Any CPU.Build.0 = Release|Any CPU
		{B7886678-110B-4831-BE19-58C7DF69E37B}.Debug|iPhoneSimulator.ActiveCfg = Debug|Any CPU
		{B7886678-110B-4831-BE19-58C7DF69E37B}.Debug|iPhoneSimulator.Build.0 = Debug|Any CPU
		{B7886678-110B-4831-BE19-58C7DF69E37B}.Release|iPhoneSimulator.ActiveCfg = Release|Any CPU
		{B7886678-110B-4831-BE19-58C7DF69E37B}.Release|iPhoneSimulator.Build.0 = Release|Any CPU
		{B7886678-110B-4831-BE19-58C7DF69E37B}.Debug|iPhone.ActiveCfg = Debug|Any CPU
		{B7886678-110B-4831-BE19-58C7DF69E37B}.Debug|iPhone.Build.0 = Debug|Any CPU
		{B7886678-110B-4831-BE19-58C7DF69E37B}.Release|iPhone.ActiveCfg = Release|Any CPU
		{B7886678-110B-4831-BE19-58C7DF69E37B}.Release|iPhone.Build.0 = Release|Any CPU
		{B6FB8662-ACD0-4508-AEC9-7798CB8F5106}.Debug|Any CPU.ActiveCfg = Debug|iPhoneSimulator
		{B6FB8662-ACD0-4508-AEC9-7798CB8F5106}.Debug|Any CPU.Build.0 = Debug|iPhoneSimulator
		{B6FB8662-ACD0-4508-AEC9-7798CB8F5106}.Release|Any CPU.ActiveCfg = Release|iPhoneSimulator
		{B6FB8662-ACD0-4508-AEC9-7798CB8F5106}.Release|Any CPU.Build.0 = Release|iPhoneSimulator
		{B6FB8662-ACD0-4508-AEC9-7798CB8F5106}.Debug|iPhoneSimulator.ActiveCfg = Debug|iPhoneSimulator
		{B6FB8662-ACD0-4508-AEC9-7798CB8F5106}.Debug|iPhoneSimulator.Build.0 = Debug|iPhoneSimulator
		{B6FB8662-ACD0-4508-AEC9-7798CB8F5106}.Release|iPhoneSimulator.ActiveCfg = Release|iPhoneSimulator
		{B6FB8662-ACD0-4508-AEC9-7798CB8F5106}.Release|iPhoneSimulator.Build.0 = Release|iPhoneSimulator
		{B6FB8662-ACD0-4508-AEC9-7798CB8F5106}.Debug|iPhone.ActiveCfg = Debug|iPhone
		{B6FB8662-ACD0-4508-AEC9-7798CB8F5106}.Debug|iPhone.Build.0 = Debug|iPhone
		{B6FB8662-ACD0-4508-AEC9-7798CB8F5106}.Release|iPhone.ActiveCfg = Release|iPhone
		{B6FB8662-ACD0-4508-AEC9-7798CB8F5106}.Release|iPhone.Build.0 = Release|iPhone
		{D3E70CE2-8858-430D-92A2-FCA6F5DE78D1}.Debug|Any CPU.ActiveCfg = Debug|Any CPU
		{D3E70CE2-8858-430D-92A2-FCA6F5DE78D1}.Debug|Any CPU.Build.0 = Debug|Any CPU
		{D3E70CE2-8858-430D-92A2-FCA6F5DE78D1}.Release|Any CPU.ActiveCfg = Release|Any CPU
		{D3E70CE2-8858-430D-92A2-FCA6F5DE78D1}.Release|Any CPU.Build.0 = Release|Any CPU
		{D3E70CE2-8858-430D-92A2-FCA6F5DE78D1}.Debug|iPhoneSimulator.ActiveCfg = Debug|Any CPU
		{D3E70CE2-8858-430D-92A2-FCA6F5DE78D1}.Debug|iPhoneSimulator.Build.0 = Debug|Any CPU
		{D3E70CE2-8858-430D-92A2-FCA6F5DE78D1}.Release|iPhoneSimulator.ActiveCfg = Release|Any CPU
		{D3E70CE2-8858-430D-92A2-FCA6F5DE78D1}.Release|iPhoneSimulator.Build.0 = Release|Any CPU
		{D3E70CE2-8858-430D-92A2-FCA6F5DE78D1}.Debug|iPhone.ActiveCfg = Debug|Any CPU
		{D3E70CE2-8858-430D-92A2-FCA6F5DE78D1}.Debug|iPhone.Build.0 = Debug|Any CPU
		{D3E70CE2-8858-430D-92A2-FCA6F5DE78D1}.Release|iPhone.ActiveCfg = Release|Any CPU
		{D3E70CE2-8858-430D-92A2-FCA6F5DE78D1}.Release|iPhone.Build.0 = Release|Any CPU
	EndGlobalSection
EndGlobal
